
Microsoft Visual Studio Solution File, Format Version 12.00
# Visual Studio Version 16
VisualStudioVersion = 16.0.30503.244
MinimumVisualStudioVersion = 10.0.40219.1
Project("{9A19103F-16F7-4668-BE54-9A1E7A4F7556}") = "WebShopSolution", "WebShopSolution\WebShopSolution.csproj", "{BF847D93-9784-4FA5-9818-DE5F2A930571}"
EndProject
Project("{FAE04EC0-301F-11D3-BF4B-00C04F79EFBC}") = "shopSolution.Data", "shopSolution.Data\shopSolution.Data.csproj", "{765F6A25-1AF2-41AF-AD8A-86BB987CBB4C}"
EndProject
Project("{FAE04EC0-301F-11D3-BF4B-00C04F79EFBC}") = "shopSolution.Application", "shopSolution.Application\shopSolution.Application.csproj", "{E16FB0ED-ED2E-4F5E-A9C3-68992F1441C1}"
EndProject
Global
	GlobalSection(SolutionConfigurationPlatforms) = preSolution
		Debug|Any CPU = Debug|Any CPU
		Release|Any CPU = Release|Any CPU
	EndGlobalSection
	GlobalSection(ProjectConfigurationPlatforms) = postSolution
		{BF847D93-9784-4FA5-9818-DE5F2A930571}.Debug|Any CPU.ActiveCfg = Debug|Any CPU
		{BF847D93-9784-4FA5-9818-DE5F2A930571}.Debug|Any CPU.Build.0 = Debug|Any CPU
		{BF847D93-9784-4FA5-9818-DE5F2A930571}.Release|Any CPU.ActiveCfg = Release|Any CPU
		{BF847D93-9784-4FA5-9818-DE5F2A930571}.Release|Any CPU.Build.0 = Release|Any CPU
		{765F6A25-1AF2-41AF-AD8A-86BB987CBB4C}.Debug|Any CPU.ActiveCfg = Debug|Any CPU
		{765F6A25-1AF2-41AF-AD8A-86BB987CBB4C}.Debug|Any CPU.Build.0 = Debug|Any CPU
		{765F6A25-1AF2-41AF-AD8A-86BB987CBB4C}.Release|Any CPU.ActiveCfg = Release|Any CPU
		{765F6A25-1AF2-41AF-AD8A-86BB987CBB4C}.Release|Any CPU.Build.0 = Release|Any CPU
		{E16FB0ED-ED2E-4F5E-A9C3-68992F1441C1}.Debug|Any CPU.ActiveCfg = Debug|Any CPU
		{E16FB0ED-ED2E-4F5E-A9C3-68992F1441C1}.Debug|Any CPU.Build.0 = Debug|Any CPU
		{E16FB0ED-ED2E-4F5E-A9C3-68992F1441C1}.Release|Any CPU.ActiveCfg = Release|Any CPU
		{E16FB0ED-ED2E-4F5E-A9C3-68992F1441C1}.Release|Any CPU.Build.0 = Release|Any CPU
	EndGlobalSection
	GlobalSection(SolutionProperties) = preSolution
		HideSolutionNode = FALSE
	EndGlobalSection
	GlobalSection(ExtensibilityGlobals) = postSolution
		SolutionGuid = {C456B0DA-FB76-42B7-8663-38561B6F8929}
	EndGlobalSection
EndGlobal
